
Microsoft Visual Studio Solution File, Format Version 12.00
# Visual Studio Version 17
VisualStudioVersion = 17.1.32414.318
MinimumVisualStudioVersion = 10.0.40219.1
Project("{FAE04EC0-301F-11D3-BF4B-00C04F79EFBC}") = "Lesson3", "Lesson3\Lesson3.csproj", "{F7ED44E4-FA0F-42CB-9AB7-D0E474526313}"
EndProject
Global
	GlobalSection(SolutionConfigurationPlatforms) = preSolution
		Debug|Any CPU = Debug|Any CPU
		Release|Any CPU = Release|Any CPU
	EndGlobalSection
	GlobalSection(ProjectConfigurationPlatforms) = postSolution
		{F7ED44E4-FA0F-42CB-9AB7-D0E474526313}.Debug|Any CPU.ActiveCfg = Debug|Any CPU
		{F7ED44E4-FA0F-42CB-9AB7-D0E474526313}.Debug|Any CPU.Build.0 = Debug|Any CPU
		{F7ED44E4-FA0F-42CB-9AB7-D0E474526313}.Release|Any CPU.ActiveCfg = Release|Any CPU
		{F7ED44E4-FA0F-42CB-9AB7-D0E474526313}.Release|Any CPU.Build.0 = Release|Any CPU
	EndGlobalSection
	GlobalSection(SolutionProperties) = preSolution
		HideSolutionNode = FALSE
	EndGlobalSection
	GlobalSection(ExtensibilityGlobals) = postSolution
		SolutionGuid = {E9640AC9-D098-4AE6-A334-E6C6B2D33B9E}
	EndGlobalSection
EndGlobal
